
Microsoft Visual Studio Solution File, Format Version 12.00
# Visual Studio Version 17
VisualStudioVersion = 17.0.31919.166
MinimumVisualStudioVersion = 10.0.40219.1
Project("{FAE04EC0-301F-11D3-BF4B-00C04F79EFBC}") = "RazorPagesUI", "RazorPagesUI\RazorPagesUI.csproj", "{3B606586-30DC-40C7-92AD-296E65DDD582}"
EndProject
Global
	GlobalSection(SolutionConfigurationPlatforms) = preSolution
		Debug|Any CPU = Debug|Any CPU
		Release|Any CPU = Release|Any CPU
	EndGlobalSection
	GlobalSection(ProjectConfigurationPlatforms) = postSolution
		{3B606586-30DC-40C7-92AD-296E65DDD582}.Debug|Any CPU.ActiveCfg = Debug|Any CPU
		{3B606586-30DC-40C7-92AD-296E65DDD582}.Debug|Any CPU.Build.0 = Debug|Any CPU
		{3B606586-30DC-40C7-92AD-296E65DDD582}.Release|Any CPU.ActiveCfg = Release|Any CPU
		{3B606586-30DC-40C7-92AD-296E65DDD582}.Release|Any CPU.Build.0 = Release|Any CPU
	EndGlobalSection
	GlobalSection(SolutionProperties) = preSolution
		HideSolutionNode = FALSE
	EndGlobalSection
	GlobalSection(ExtensibilityGlobals) = postSolution
		SolutionGuid = {2FC6E050-EF53-4D9E-A597-19BF3E16DE0D}
	EndGlobalSection
EndGlobal
